<?xml version="1.0" encoding="utf-8"?>
<Project ToolsVersion="4.0" xmlns="http://schemas.microsoft.com/developer/msbuild/2003">
  <ItemGroup>
    <ClCompile Include="TargetPosition.cpp">
      <Filter>Source Files</Filter>
    </ClCompile>
    <ClCompile Include="Coordinate.cpp">
      <Filter>Source Files</Filter>
    </ClCompile>
    <ClCompile Include="CoverageRectangle.cpp">
      <Filter>Source Files</Filter>
    </ClCompile>
    <ClCompile Include="DCMotor.cpp">
      <Filter>Source Files</Filter>
    </ClCompile>
    <ClCompile Include="GPSStatus.cpp">
      <Filter>Source Files</Filter>
    </ClCompile>
    <ClCompile Include="JSONReceiver.cpp">
      <Filter>Source Files</Filter>
    </ClCompile>
    <ClCompile Include="MotorStatus.cpp">
      <Filter>Source Files</Filter>
    </ClCompile>
    <ClCompile Include="NavigationData.cpp">
      <Filter>Source Files</Filter>
    </ClCompile>
    <ClCompile Include="Pose.cpp">
      <Filter>Source Files</Filter>
    </ClCompile>
    <ClCompile Include="Servo.cpp">
      <Filter>Source Files</Filter>
    </ClCompile>
    <ClCompile Include="JSONTransmitter.cpp">
      <Filter>Source Files</Filter>
    </ClCompile>
    <ClCompile Include="Ublox_neo7m.cpp">
      <Filter>Source Files</Filter>
    </ClCompile>
  </ItemGroup>
  <ItemGroup>
    <ClInclude Include="Coordinate.h">
      <Filter>Headers Files</Filter>
    </ClInclude>
    <ClInclude Include="CoverageRectangle.h">
      <Filter>Headers Files</Filter>
    </ClInclude>
    <ClInclude Include="DCMotor.h">
      <Filter>Headers Files</Filter>
    </ClInclude>
    <ClInclude Include="GPSStatus.h">
      <Filter>Headers Files</Filter>
    </ClInclude>
    <ClInclude Include="IAutopilot.h">
      <Filter>Headers Files</Filter>
    </ClInclude>
    <ClInclude Include="IGPS.h">
      <Filter>Headers Files</Filter>
    </ClInclude>
    <ClInclude Include="IMotorStatusGetter.h">
      <Filter>Headers Files</Filter>
    </ClInclude>
    <ClInclude Include="INavigation.h">
      <Filter>Headers Files</Filter>
    </ClInclude>
    <ClInclude Include="IPositionMotor.h">
      <Filter>Headers Files</Filter>
    </ClInclude>
    <ClInclude Include="IReceiver.h">
      <Filter>Headers Files</Filter>
    </ClInclude>
    <ClInclude Include="ISpeedMotor.h">
      <Filter>Headers Files</Filter>
    </ClInclude>
    <ClInclude Include="IStatus.h">
      <Filter>Headers Files</Filter>
    </ClInclude>
    <ClInclude Include="ITransmitter.h">
      <Filter>Headers Files</Filter>
    </ClInclude>
    <ClInclude Include="json.hpp">
      <Filter>Headers Files</Filter>
    </ClInclude>
    <ClInclude Include="JSONReceiver.h">
      <Filter>Headers Files</Filter>
    </ClInclude>
    <ClInclude Include="MotorStatus.h">
      <Filter>Headers Files</Filter>
    </ClInclude>
    <ClInclude Include="MotorType.h">
      <Filter>Headers Files</Filter>
    </ClInclude>
    <ClInclude Include="NavigationData.h">
      <Filter>Headers Files</Filter>
    </ClInclude>
    <ClInclude Include="Pose.h">
      <Filter>Headers Files</Filter>
    </ClInclude>
    <ClInclude Include="Servo.h">
      <Filter>Headers Files</Filter>
    </ClInclude>
    <ClInclude Include="Task.h">
      <Filter>Headers Files</Filter>
    </ClInclude>
    <ClInclude Include="TargetPosition.h">
      <Filter>Headers Files</Filter>
    </ClInclude>
    <ClInclude Include="JSONTransmitter.h">
      <Filter>Headers Files</Filter>
    </ClInclude>
    <ClInclude Include="Ublox_neo7m.h">
      <Filter>Headers Files</Filter>
    </ClInclude>
    <ClInclude Include="SimpleSerial.h">
      <Filter>Headers Files</Filter>
    </ClInclude>
  </ItemGroup>
  <ItemGroup>
    <Filter Include="Headers Files">
      <UniqueIdentifier>{85bfc3c8-997a-4f21-9d6d-4de71c88da64}</UniqueIdentifier>
    </Filter>
    <Filter Include="Source Files">
      <UniqueIdentifier>{969f24f2-ea12-4593-860c-3f960ee64e2e}</UniqueIdentifier>
    </Filter>
    <Filter Include="Resource Files">
      <UniqueIdentifier>{c3f89186-e804-44b6-976c-cc16168b77b1}</UniqueIdentifier>
    </Filter>
  </ItemGroup>
</Project>