<?xml version="1.0" encoding="utf-8"?>
<Project ToolsVersion="4.0" xmlns="http://schemas.microsoft.com/developer/msbuild/2003">
  <ItemGroup>
    <Filter Include="Source Files">
      <UniqueIdentifier>{4FC737F1-C7A5-4376-A066-2A32D752A2FF}</UniqueIdentifier>
      <Extensions>cpp;c;cc;cxx;def;odl;idl;hpj;bat;asm;asmx</Extensions>
    </Filter>
    <Filter Include="Header Files">
      <UniqueIdentifier>{93995380-89BD-4b04-88EB-625FBE52EBFB}</UniqueIdentifier>
      <Extensions>h;hh;hpp;hxx;hm;inl;inc;xsd</Extensions>
    </Filter>
    <Filter Include="Resource Files">
      <UniqueIdentifier>{67DA6AB6-F800-4c08-8B7A-83BB121AAD01}</UniqueIdentifier>
      <Extensions>rc;ico;cur;bmp;dlg;rc2;rct;bin;rgs;gif;jpg;jpeg;jpe;resx;tiff;tif;png;wav;mfcribbon-ms</Extensions>
    </Filter>
  </ItemGroup>
  <ItemGroup>
    <ClInclude Include="Task.h">
      <Filter>Header Files</Filter>
    </ClInclude>
    <ClInclude Include="MotorType.h">
      <Filter>Header Files</Filter>
    </ClInclude>
    <ClInclude Include="NavigationData.h">
      <Filter>Header Files</Filter>
    </ClInclude>
    <ClInclude Include="Coordinate.h">
      <Filter>Header Files</Filter>
    </ClInclude>
    <ClInclude Include="Pose.h">
      <Filter>Header Files</Filter>
    </ClInclude>
    <ClInclude Include="INavigation.h">
      <Filter>Header Files</Filter>
    </ClInclude>
    <ClInclude Include="CoverageRectangle.h">
      <Filter>Header Files</Filter>
    </ClInclude>
    <ClInclude Include="TargetPosition.h">
      <Filter>Header Files</Filter>
    </ClInclude>
    <ClInclude Include="IAutopilot.h">
      <Filter>Header Files</Filter>
    </ClInclude>
    <ClInclude Include="IReceiver.h">
      <Filter>Header Files</Filter>
    </ClInclude>
    <ClInclude Include="IGPS.h">
      <Filter>Header Files</Filter>
    </ClInclude>
    <ClInclude Include="IStatus.h">
      <Filter>Header Files</Filter>
    </ClInclude>
    <ClInclude Include="GPSStatus.h">
      <Filter>Header Files</Filter>
    </ClInclude>
    <ClInclude Include="json.hpp">
      <Filter>Header Files</Filter>
    </ClInclude>
    <ClInclude Include="ISpeedMotor.h">
      <Filter>Header Files</Filter>
    </ClInclude>
    <ClInclude Include="IPositionMotor.h">
      <Filter>Header Files</Filter>
    </ClInclude>
    <ClInclude Include="IMotorStatusGetter.h">
      <Filter>Header Files</Filter>
    </ClInclude>
    <ClInclude Include="MotorStatus.h">
      <Filter>Header Files</Filter>
    </ClInclude>
    <ClInclude Include="DCMotor.h">
      <Filter>Header Files</Filter>
    </ClInclude>
    <ClInclude Include="Servo.h">
      <Filter>Header Files</Filter>
    </ClInclude>
    <ClInclude Include="ITransmitter.h">
      <Filter>Header Files</Filter>
    </ClInclude>
    <ClInclude Include="JSONReceiver.h">
      <Filter>Header Files</Filter>
    </ClInclude>
  </ItemGroup>
  <ItemGroup>
    <ClCompile Include="NavigationData.cpp">
      <Filter>Source Files</Filter>
    </ClCompile>
    <ClCompile Include="Coordinate.cpp">
      <Filter>Source Files</Filter>
    </ClCompile>
    <ClCompile Include="Pose.cpp">
      <Filter>Source Files</Filter>
    </ClCompile>
    <ClCompile Include="CoverageRectangle.cpp">
      <Filter>Source Files</Filter>
    </ClCompile>
    <ClCompile Include="TargetPosition.cpp">
      <Filter>Source Files</Filter>
    </ClCompile>
    <ClCompile Include="GPSStatus.cpp">
      <Filter>Source Files</Filter>
    </ClCompile>
    <ClCompile Include="DCMotor.cpp">
      <Filter>Source Files</Filter>
    </ClCompile>
    <ClCompile Include="Servo.cpp">
      <Filter>Source Files</Filter>
    </ClCompile>
    <ClCompile Include="MotorStatus.cpp">
      <Filter>Source Files</Filter>
    </ClCompile>
    <ClCompile Include="JSONReceiver.cpp">
      <Filter>Source Files</Filter>
    </ClCompile>
  </ItemGroup>
</Project>