<?xml version="1.0" encoding="utf-8"?>
<Project ToolsVersion="4.0" xmlns="http://schemas.microsoft.com/developer/msbuild/2003">
  <ItemGroup>
    <ClCompile Include="Coordinate.cpp">
      <Filter>Source Files</Filter>
    </ClCompile>
    <ClCompile Include="CoverageRectangle.cpp">
      <Filter>Source Files</Filter>
    </ClCompile>
    <ClCompile Include="DCMotor.cpp">
      <Filter>Source Files</Filter>
    </ClCompile>
    <ClCompile Include="GPSStatus.cpp">
      <Filter>Source Files</Filter>
    </ClCompile>
    <ClCompile Include="JSONTransmitter.cpp">
      <Filter>Source Files</Filter>
    </ClCompile>
    <ClCompile Include="MotorStatus.cpp">
      <Filter>Source Files</Filter>
    </ClCompile>
    <ClCompile Include="Pose.cpp">
      <Filter>Source Files</Filter>
    </ClCompile>
    <ClCompile Include="NavigationData.cpp">
      <Filter>Source Files</Filter>
    </ClCompile>
    <ClCompile Include="TargetPosition.cpp">
      <Filter>Source Files</Filter>
    </ClCompile>
    <ClCompile Include="Servo.cpp">
      <Filter>Source Files</Filter>
    </ClCompile>
    <ClCompile Include="TaskData.cpp">
      <Filter>Source Files</Filter>
    </ClCompile>
  </ItemGroup>
  <ItemGroup>
    <ClInclude Include="Coordinate.h">
      <Filter>Header Files</Filter>
    </ClInclude>
    <ClInclude Include="CoverageRectangle.h">
      <Filter>Header Files</Filter>
    </ClInclude>
    <ClInclude Include="DCMotor.h">
      <Filter>Header Files</Filter>
    </ClInclude>
    <ClInclude Include="GPSStatus.h">
      <Filter>Header Files</Filter>
    </ClInclude>
    <ClInclude Include="IAutopilot.h">
      <Filter>Header Files</Filter>
    </ClInclude>
    <ClInclude Include="IGPS.h">
      <Filter>Header Files</Filter>
    </ClInclude>
    <ClInclude Include="IMotorStatusGetter.h">
      <Filter>Header Files</Filter>
    </ClInclude>
    <ClInclude Include="INavigation.h">
      <Filter>Header Files</Filter>
    </ClInclude>
    <ClInclude Include="IPositionMotor.h">
      <Filter>Header Files</Filter>
    </ClInclude>
    <ClInclude Include="IReceiver.h">
      <Filter>Header Files</Filter>
    </ClInclude>
    <ClInclude Include="ISpeedMotor.h">
      <Filter>Header Files</Filter>
    </ClInclude>
    <ClInclude Include="IStatus.h">
      <Filter>Header Files</Filter>
    </ClInclude>
    <ClInclude Include="ITransmitter.h">
      <Filter>Header Files</Filter>
    </ClInclude>
    <ClInclude Include="json.hpp">
      <Filter>Header Files</Filter>
    </ClInclude>
    <ClInclude Include="JSONTransmitter.h">
      <Filter>Header Files</Filter>
    </ClInclude>
    <ClInclude Include="TaskData.h">
      <Filter>Header Files</Filter>
    </ClInclude>
    <ClInclude Include="Pose.h">
      <Filter>Header Files</Filter>
    </ClInclude>
    <ClInclude Include="Servo.h">
      <Filter>Header Files</Filter>
    </ClInclude>
    <ClInclude Include="TargetPosition.h">
      <Filter>Header Files</Filter>
    </ClInclude>
    <ClInclude Include="Task.h">
      <Filter>Header Files</Filter>
    </ClInclude>
    <ClInclude Include="NavigationData.h">
      <Filter>Header Files</Filter>
    </ClInclude>
    <ClInclude Include="MotorStatus.h">
      <Filter>Header Files</Filter>
    </ClInclude>
    <ClInclude Include="MotorType.h">
      <Filter>Header Files</Filter>
    </ClInclude>
  </ItemGroup>
  <ItemGroup>
    <Filter Include="Source Files">
      <UniqueIdentifier>{68a9d858-70d3-40e8-a9dd-131e06b6aa33}</UniqueIdentifier>
    </Filter>
    <Filter Include="Header Files">
      <UniqueIdentifier>{f19d1611-1643-499c-aa66-64f01b129dcd}</UniqueIdentifier>
    </Filter>
    <Filter Include="Resource Files">
      <UniqueIdentifier>{fc581bee-e710-42a0-9b04-fc4b98eb66b3}</UniqueIdentifier>
    </Filter>
  </ItemGroup>
</Project>